// !$*UTF8*$!
{
	archiveVersion = 1;
	classes = {
	};
	objectVersion = 55;
	objects = {

/* Begin PBXBuildFile section */
		A96BF68B2670F62F009BDC7B /* WhatsNewInWatchOS8 WatchKit App.app in Embed Watch Content */ = {isa = PBXBuildFile; fileRef = A96BF68A2670F62F009BDC7B /* WhatsNewInWatchOS8 WatchKit App.app */; settings = {ATTRIBUTES = (RemoveHeadersOnCopy, ); }; };
		A96BF6902670F630009BDC7B /* Assets.xcassets in Resources */ = {isa = PBXBuildFile; fileRef = A96BF68F2670F630009BDC7B /* Assets.xcassets */; };
		A96BF6962670F631009BDC7B /* WhatsNewInWatchOS8 WatchKit Extension.appex in Embed App Extensions */ = {isa = PBXBuildFile; fileRef = A96BF6952670F631009BDC7B /* WhatsNewInWatchOS8 WatchKit Extension.appex */; settings = {ATTRIBUTES = (RemoveHeadersOnCopy, ); }; };
		A96BF69B2670F631009BDC7B /* WhatsNewInWatchOS8App.swift in Sources */ = {isa = PBXBuildFile; fileRef = A96BF69A2670F631009BDC7B /* WhatsNewInWatchOS8App.swift */; };
		A96BF69D2670F631009BDC7B /* ContentView.swift in Sources */ = {isa = PBXBuildFile; fileRef = A96BF69C2670F631009BDC7B /* ContentView.swift */; };
		A96BF69F2670F631009BDC7B /* NotificationController.swift in Sources */ = {isa = PBXBuildFile; fileRef = A96BF69E2670F631009BDC7B /* NotificationController.swift */; };
		A96BF6A12670F631009BDC7B /* NotificationView.swift in Sources */ = {isa = PBXBuildFile; fileRef = A96BF6A02670F631009BDC7B /* NotificationView.swift */; };
		A96BF6A32670F631009BDC7B /* ComplicationController.swift in Sources */ = {isa = PBXBuildFile; fileRef = A96BF6A22670F631009BDC7B /* ComplicationController.swift */; };
		A96BF6A52670F631009BDC7B /* Assets.xcassets in Resources */ = {isa = PBXBuildFile; fileRef = A96BF6A42670F631009BDC7B /* Assets.xcassets */; };
		A96BF6A82670F631009BDC7B /* Preview Assets.xcassets in Resources */ = {isa = PBXBuildFile; fileRef = A96BF6A72670F631009BDC7B /* Preview Assets.xcassets */; };
/* End PBXBuildFile section */

/* Begin PBXContainerItemProxy section */
		A96BF68C2670F62F009BDC7B /* PBXContainerItemProxy */ = {
			isa = PBXContainerItemProxy;
			containerPortal = A96BF6802670F62E009BDC7B /* Project object */;
			proxyType = 1;
			remoteGlobalIDString = A96BF6892670F62F009BDC7B;
			remoteInfo = "WhatsNewInWatchOS8 WatchKit App";
		};
		A96BF6972670F631009BDC7B /* PBXContainerItemProxy */ = {
			isa = PBXContainerItemProxy;
			containerPortal = A96BF6802670F62E009BDC7B /* Project object */;
			proxyType = 1;
			remoteGlobalIDString = A96BF6942670F631009BDC7B;
			remoteInfo = "WhatsNewInWatchOS8 WatchKit Extension";
		};
/* End PBXContainerItemProxy section */

/* Begin PBXCopyFilesBuildPhase section */
		A96BF6B02670F631009BDC7B /* Embed App Extensions */ = {
			isa = PBXCopyFilesBuildPhase;
			buildActionMask = 2147483647;
			dstPath = "";
			dstSubfolderSpec = 13;
			files = (
				A96BF6962670F631009BDC7B /* WhatsNewInWatchOS8 WatchKit Extension.appex in Embed App Extensions */,
			);
			name = "Embed App Extensions";
			runOnlyForDeploymentPostprocessing = 0;
		};
		A96BF6B42670F631009BDC7B /* Embed Watch Content */ = {
			isa = PBXCopyFilesBuildPhase;
			buildActionMask = 2147483647;
			dstPath = "$(CONTENTS_FOLDER_PATH)/Watch";
			dstSubfolderSpec = 16;
			files = (
				A96BF68B2670F62F009BDC7B /* WhatsNewInWatchOS8 WatchKit App.app in Embed Watch Content */,
			);
			name = "Embed Watch Content";
			runOnlyForDeploymentPostprocessing = 0;
		};
/* End PBXCopyFilesBuildPhase section */

/* Begin PBXFileReference section */
		A96BF6862670F62E009BDC7B /* WhatsNewInWatchOS8.app */ = {isa = PBXFileReference; explicitFileType = wrapper.application; includeInIndex = 0; path = WhatsNewInWatchOS8.app; sourceTree = BUILT_PRODUCTS_DIR; };
		A96BF68A2670F62F009BDC7B /* WhatsNewInWatchOS8 WatchKit App.app */ = {isa = PBXFileReference; explicitFileType = wrapper.application; includeInIndex = 0; path = "WhatsNewInWatchOS8 WatchKit App.app"; sourceTree = BUILT_PRODUCTS_DIR; };
		A96BF68F2670F630009BDC7B /* Assets.xcassets */ = {isa = PBXFileReference; lastKnownFileType = folder.assetcatalog; path = Assets.xcassets; sourceTree = "<group>"; };
		A96BF6952670F631009BDC7B /* WhatsNewInWatchOS8 WatchKit Extension.appex */ = {isa = PBXFileReference; explicitFileType = "wrapper.app-extension"; includeInIndex = 0; path = "WhatsNewInWatchOS8 WatchKit Extension.appex"; sourceTree = BUILT_PRODUCTS_DIR; };
		A96BF69A2670F631009BDC7B /* WhatsNewInWatchOS8App.swift */ = {isa = PBXFileReference; lastKnownFileType = sourcecode.swift; path = WhatsNewInWatchOS8App.swift; sourceTree = "<group>"; };
		A96BF69C2670F631009BDC7B /* ContentView.swift */ = {isa = PBXFileReference; lastKnownFileType = sourcecode.swift; path = ContentView.swift; sourceTree = "<group>"; };
		A96BF69E2670F631009BDC7B /* NotificationController.swift */ = {isa = PBXFileReference; lastKnownFileType = sourcecode.swift; path = NotificationController.swift; sourceTree = "<group>"; };
		A96BF6A02670F631009BDC7B /* NotificationView.swift */ = {isa = PBXFileReference; lastKnownFileType = sourcecode.swift; path = NotificationView.swift; sourceTree = "<group>"; };
		A96BF6A22670F631009BDC7B /* ComplicationController.swift */ = {isa = PBXFileReference; lastKnownFileType = sourcecode.swift; path = ComplicationController.swift; sourceTree = "<group>"; };
		A96BF6A42670F631009BDC7B /* Assets.xcassets */ = {isa = PBXFileReference; lastKnownFileType = folder.assetcatalog; path = Assets.xcassets; sourceTree = "<group>"; };
		A96BF6A72670F631009BDC7B /* Preview Assets.xcassets */ = {isa = PBXFileReference; lastKnownFileType = folder.assetcatalog; path = "Preview Assets.xcassets"; sourceTree = "<group>"; };
		A96BF6A92670F631009BDC7B /* Info.plist */ = {isa = PBXFileReference; lastKnownFileType = text.plist.xml; path = Info.plist; sourceTree = "<group>"; };
		A96BF6AA2670F631009BDC7B /* PushNotificationPayload.apns */ = {isa = PBXFileReference; lastKnownFileType = text; path = PushNotificationPayload.apns; sourceTree = "<group>"; };
/* End PBXFileReference section */

/* Begin PBXFrameworksBuildPhase section */
		A96BF6922670F631009BDC7B /* Frameworks */ = {
			isa = PBXFrameworksBuildPhase;
			buildActionMask = 2147483647;
			files = (
			);
			runOnlyForDeploymentPostprocessing = 0;
		};
/* End PBXFrameworksBuildPhase section */

/* Begin PBXGroup section */
		A96BF67F2670F62E009BDC7B = {
			isa = PBXGroup;
			children = (
				A96BF68E2670F62F009BDC7B /* WhatsNewInWatchOS8 WatchKit App */,
				A96BF6992670F631009BDC7B /* WhatsNewInWatchOS8 WatchKit Extension */,
				A96BF6872670F62E009BDC7B /* Products */,
			);
			sourceTree = "<group>";
		};
		A96BF6872670F62E009BDC7B /* Products */ = {
			isa = PBXGroup;
			children = (
				A96BF6862670F62E009BDC7B /* WhatsNewInWatchOS8.app */,
				A96BF68A2670F62F009BDC7B /* WhatsNewInWatchOS8 WatchKit App.app */,
				A96BF6952670F631009BDC7B /* WhatsNewInWatchOS8 WatchKit Extension.appex */,
			);
			name = Products;
			sourceTree = "<group>";
		};
		A96BF68E2670F62F009BDC7B /* WhatsNewInWatchOS8 WatchKit App */ = {
			isa = PBXGroup;
			children = (
				A96BF68F2670F630009BDC7B /* Assets.xcassets */,
			);
			path = "WhatsNewInWatchOS8 WatchKit App";
			sourceTree = "<group>";
		};
		A96BF6992670F631009BDC7B /* WhatsNewInWatchOS8 WatchKit Extension */ = {
			isa = PBXGroup;
			children = (
				A96BF69A2670F631009BDC7B /* WhatsNewInWatchOS8App.swift */,
				A96BF69C2670F631009BDC7B /* ContentView.swift */,
				A96BF69E2670F631009BDC7B /* NotificationController.swift */,
				A96BF6A02670F631009BDC7B /* NotificationView.swift */,
				A96BF6A22670F631009BDC7B /* ComplicationController.swift */,
				A96BF6A42670F631009BDC7B /* Assets.xcassets */,
				A96BF6A92670F631009BDC7B /* Info.plist */,
				A96BF6AA2670F631009BDC7B /* PushNotificationPayload.apns */,
				A96BF6A62670F631009BDC7B /* Preview Content */,
			);
			path = "WhatsNewInWatchOS8 WatchKit Extension";
			sourceTree = "<group>";
		};
		A96BF6A62670F631009BDC7B /* Preview Content */ = {
			isa = PBXGroup;
			children = (
				A96BF6A72670F631009BDC7B /* Preview Assets.xcassets */,
			);
			path = "Preview Content";
			sourceTree = "<group>";
		};
/* End PBXGroup section */

/* Begin PBXNativeTarget section */
		A96BF6852670F62E009BDC7B /* WhatsNewInWatchOS8 */ = {
			isa = PBXNativeTarget;
			buildConfigurationList = A96BF6B52670F631009BDC7B /* Build configuration list for PBXNativeTarget "WhatsNewInWatchOS8" */;
			buildPhases = (
				A96BF6842670F62E009BDC7B /* Resources */,
				A96BF6B42670F631009BDC7B /* Embed Watch Content */,
			);
			buildRules = (
			);
			dependencies = (
				A96BF68D2670F62F009BDC7B /* PBXTargetDependency */,
			);
			name = WhatsNewInWatchOS8;
			productName = WhatsNewInWatchOS8;
			productReference = A96BF6862670F62E009BDC7B /* WhatsNewInWatchOS8.app */;
			productType = "com.apple.product-type.application.watchapp2-container";
		};
		A96BF6892670F62F009BDC7B /* WhatsNewInWatchOS8 WatchKit App */ = {
			isa = PBXNativeTarget;
			buildConfigurationList = A96BF6B12670F631009BDC7B /* Build configuration list for PBXNativeTarget "WhatsNewInWatchOS8 WatchKit App" */;
			buildPhases = (
				A96BF6882670F62F009BDC7B /* Resources */,
				A96BF6B02670F631009BDC7B /* Embed App Extensions */,
			);
			buildRules = (
			);
			dependencies = (
				A96BF6982670F631009BDC7B /* PBXTargetDependency */,
			);
			name = "WhatsNewInWatchOS8 WatchKit App";
			productName = "WhatsNewInWatchOS8 WatchKit App";
			productReference = A96BF68A2670F62F009BDC7B /* WhatsNewInWatchOS8 WatchKit App.app */;
			productType = "com.apple.product-type.application.watchapp2";
		};
		A96BF6942670F631009BDC7B /* WhatsNewInWatchOS8 WatchKit Extension */ = {
			isa = PBXNativeTarget;
			buildConfigurationList = A96BF6AD2670F631009BDC7B /* Build configuration list for PBXNativeTarget "WhatsNewInWatchOS8 WatchKit Extension" */;
			buildPhases = (
				A96BF6912670F631009BDC7B /* Sources */,
				A96BF6922670F631009BDC7B /* Frameworks */,
				A96BF6932670F631009BDC7B /* Resources */,
			);
			buildRules = (
			);
			dependencies = (
			);
			name = "WhatsNewInWatchOS8 WatchKit Extension";
			productName = "WhatsNewInWatchOS8 WatchKit Extension";
			productReference = A96BF6952670F631009BDC7B /* WhatsNewInWatchOS8 WatchKit Extension.appex */;
			productType = "com.apple.product-type.watchkit2-extension";
		};
/* End PBXNativeTarget section */

/* Begin PBXProject section */
		A96BF6802670F62E009BDC7B /* Project object */ = {
			isa = PBXProject;
			attributes = {
				BuildIndependentTargetsInParallel = 1;
				LastSwiftUpdateCheck = 1300;
				LastUpgradeCheck = 1300;
				TargetAttributes = {
					A96BF6852670F62E009BDC7B = {
						CreatedOnToolsVersion = 13.0;
					};
					A96BF6892670F62F009BDC7B = {
						CreatedOnToolsVersion = 13.0;
					};
					A96BF6942670F631009BDC7B = {
						CreatedOnToolsVersion = 13.0;
					};
				};
			};
			buildConfigurationList = A96BF6832670F62E009BDC7B /* Build configuration list for PBXProject "WhatsNewInWatchOS8" */;
			compatibilityVersion = "Xcode 13.0";
			developmentRegion = en;
			hasScannedForEncodings = 0;
			knownRegions = (
				en,
				Base,
			);
			mainGroup = A96BF67F2670F62E009BDC7B;
			productRefGroup = A96BF6872670F62E009BDC7B /* Products */;
			projectDirPath = "";
			projectRoot = "";
			targets = (
				A96BF6852670F62E009BDC7B /* WhatsNewInWatchOS8 */,
				A96BF6892670F62F009BDC7B /* WhatsNewInWatchOS8 WatchKit App */,
				A96BF6942670F631009BDC7B /* WhatsNewInWatchOS8 WatchKit Extension */,
			);
		};
/* End PBXProject section */

/* Begin PBXResourcesBuildPhase section */
		A96BF6842670F62E009BDC7B /* Resources */ = {
			isa = PBXResourcesBuildPhase;
			buildActionMask = 2147483647;
			files = (
			);
			runOnlyForDeploymentPostprocessing = 0;
		};
		A96BF6882670F62F009BDC7B /* Resources */ = {
			isa = PBXResourcesBuildPhase;
			buildActionMask = 2147483647;
			files = (
				A96BF6902670F630009BDC7B /* Assets.xcassets in Resources */,
			);
			runOnlyForDeploymentPostprocessing = 0;
		};
		A96BF6932670F631009BDC7B /* Resources */ = {
			isa = PBXResourcesBuildPhase;
			buildActionMask = 2147483647;
			files = (
				A96BF6A82670F631009BDC7B /* Preview Assets.xcassets in Resources */,
				A96BF6A52670F631009BDC7B /* Assets.xcassets in Resources */,
			);
			runOnlyForDeploymentPostprocessing = 0;
		};
/* End PBXResourcesBuildPhase section */

/* Begin PBXSourcesBuildPhase section */
		A96BF6912670F631009BDC7B /* Sources */ = {
			isa = PBXSourcesBuildPhase;
			buildActionMask = 2147483647;
			files = (
				A96BF69F2670F631009BDC7B /* NotificationController.swift in Sources */,
				A96BF69D2670F631009BDC7B /* ContentView.swift in Sources */,
				A96BF6A32670F631009BDC7B /* ComplicationController.swift in Sources */,
				A96BF69B2670F631009BDC7B /* WhatsNewInWatchOS8App.swift in Sources */,
				A96BF6A12670F631009BDC7B /* NotificationView.swift in Sources */,
			);
			runOnlyForDeploymentPostprocessing = 0;
		};
/* End PBXSourcesBuildPhase section */

/* Begin PBXTargetDependency section */
		A96BF68D2670F62F009BDC7B /* PBXTargetDependency */ = {
			isa = PBXTargetDependency;
			target = A96BF6892670F62F009BDC7B /* WhatsNewInWatchOS8 WatchKit App */;
			targetProxy = A96BF68C2670F62F009BDC7B /* PBXContainerItemProxy */;
		};
		A96BF6982670F631009BDC7B /* PBXTargetDependency */ = {
			isa = PBXTargetDependency;
			target = A96BF6942670F631009BDC7B /* WhatsNewInWatchOS8 WatchKit Extension */;
			targetProxy = A96BF6972670F631009BDC7B /* PBXContainerItemProxy */;
		};
/* End PBXTargetDependency section */

/* Begin XCBuildConfiguration section */
		A96BF6AB2670F631009BDC7B /* Debug */ = {
			isa = XCBuildConfiguration;
			buildSettings = {
				ALWAYS_SEARCH_USER_PATHS = NO;
				CLANG_ANALYZER_NONNULL = YES;
				CLANG_ANALYZER_NUMBER_OBJECT_CONVERSION = YES_AGGRESSIVE;
				CLANG_CXX_LANGUAGE_STANDARD = "gnu++14";
				CLANG_CXX_LIBRARY = "libc++";
				CLANG_ENABLE_MODULES = YES;
				CLANG_ENABLE_OBJC_ARC = YES;
				CLANG_ENABLE_OBJC_WEAK = YES;
				CLANG_WARN_BLOCK_CAPTURE_AUTORELEASING = YES;
				CLANG_WARN_BOOL_CONVERSION = YES;
				CLANG_WARN_COMMA = YES;
				CLANG_WARN_CONSTANT_CONVERSION = YES;
				CLANG_WARN_DEPRECATED_OBJC_IMPLEMENTATIONS = YES;
				CLANG_WARN_DIRECT_OBJC_ISA_USAGE = YES_ERROR;
				CLANG_WARN_DOCUMENTATION_COMMENTS = YES;
				CLANG_WARN_EMPTY_BODY = YES;
				CLANG_WARN_ENUM_CONVERSION = YES;
				CLANG_WARN_INFINITE_RECURSION = YES;
				CLANG_WARN_INT_CONVERSION = YES;
				CLANG_WARN_NON_LITERAL_NULL_CONVERSION = YES;
				CLANG_WARN_OBJC_IMPLICIT_RETAIN_SELF = YES;
				CLANG_WARN_OBJC_LITERAL_CONVERSION = YES;
				CLANG_WARN_OBJC_ROOT_CLASS = YES_ERROR;
				CLANG_WARN_QUOTED_INCLUDE_IN_FRAMEWORK_HEADER = YES;
				CLANG_WARN_RANGE_LOOP_ANALYSIS = YES;
				CLANG_WARN_STRICT_PROTOTYPES = YES;
				CLANG_WARN_SUSPICIOUS_MOVE = YES;
				CLANG_WARN_UNGUARDED_AVAILABILITY = YES_AGGRESSIVE;
				CLANG_WARN_UNREACHABLE_CODE = YES;
				CLANG_WARN__DUPLICATE_METHOD_MATCH = YES;
				COPY_PHASE_STRIP = NO;
				DEBUG_INFORMATION_FORMAT = dwarf;
				ENABLE_STRICT_OBJC_MSGSEND = YES;
				ENABLE_TESTABILITY = YES;
				GCC_C_LANGUAGE_STANDARD = gnu11;
				GCC_DYNAMIC_NO_PIC = NO;
				GCC_NO_COMMON_BLOCKS = YES;
				GCC_OPTIMIZATION_LEVEL = 0;
				GCC_PREPROCESSOR_DEFINITIONS = (
					"DEBUG=1",
					"$(inherited)",
				);
				GCC_WARN_64_TO_32_BIT_CONVERSION = YES;
				GCC_WARN_ABOUT_RETURN_TYPE = YES_ERROR;
				GCC_WARN_UNDECLARED_SELECTOR = YES;
				GCC_WARN_UNINITIALIZED_AUTOS = YES_AGGRESSIVE;
				GCC_WARN_UNUSED_FUNCTION = YES;
				GCC_WARN_UNUSED_VARIABLE = YES;
				MTL_ENABLE_DEBUG_INFO = INCLUDE_SOURCE;
				MTL_FAST_MATH = YES;
				ONLY_ACTIVE_ARCH = YES;
				SDKROOT = iphoneos;
				SWIFT_ACTIVE_COMPILATION_CONDITIONS = DEBUG;
				SWIFT_OPTIMIZATION_LEVEL = "-Onone";
			};
			name = Debug;
		};
		A96BF6AC2670F631009BDC7B /* Release */ = {
			isa = XCBuildConfiguration;
			buildSettings = {
				ALWAYS_SEARCH_USER_PATHS = NO;
				CLANG_ANALYZER_NONNULL = YES;
				CLANG_ANALYZER_NUMBER_OBJECT_CONVERSION = YES_AGGRESSIVE;
				CLANG_CXX_LANGUAGE_STANDARD = "gnu++14";
				CLANG_CXX_LIBRARY = "libc++";
				CLANG_ENABLE_MODULES = YES;
				CLANG_ENABLE_OBJC_ARC = YES;
				CLANG_ENABLE_OBJC_WEAK = YES;
				CLANG_WARN_BLOCK_CAPTURE_AUTORELEASING = YES;
				CLANG_WARN_BOOL_CONVERSION = YES;
				CLANG_WARN_COMMA = YES;
				CLANG_WARN_CONSTANT_CONVERSION = YES;
				CLANG_WARN_DEPRECATED_OBJC_IMPLEMENTATIONS = YES;
				CLANG_WARN_DIRECT_OBJC_ISA_USAGE = YES_ERROR;
				CLANG_WARN_DOCUMENTATION_COMMENTS = YES;
				CLANG_WARN_EMPTY_BODY = YES;
				CLANG_WARN_ENUM_CONVERSION = YES;
				CLANG_WARN_INFINITE_RECURSION = YES;
				CLANG_WARN_INT_CONVERSION = YES;
				CLANG_WARN_NON_LITERAL_NULL_CONVERSION = YES;
				CLANG_WARN_OBJC_IMPLICIT_RETAIN_SELF = YES;
				CLANG_WARN_OBJC_LITERAL_CONVERSION = YES;
				CLANG_WARN_OBJC_ROOT_CLASS = YES_ERROR;
				CLANG_WARN_QUOTED_INCLUDE_IN_FRAMEWORK_HEADER = YES;
				CLANG_WARN_RANGE_LOOP_ANALYSIS = YES;
				CLANG_WARN_STRICT_PROTOTYPES = YES;
				CLANG_WARN_SUSPICIOUS_MOVE = YES;
				CLANG_WARN_UNGUARDED_AVAILABILITY = YES_AGGRESSIVE;
				CLANG_WARN_UNREACHABLE_CODE = YES;
				CLANG_WARN__DUPLICATE_METHOD_MATCH = YES;
				COPY_PHASE_STRIP = NO;
				DEBUG_INFORMATION_FORMAT = "dwarf-with-dsym";
				ENABLE_NS_ASSERTIONS = NO;
				ENABLE_STRICT_OBJC_MSGSEND = YES;
				GCC_C_LANGUAGE_STANDARD = gnu11;
				GCC_NO_COMMON_BLOCKS = YES;
				GCC_WARN_64_TO_32_BIT_CONVERSION = YES;
				GCC_WARN_ABOUT_RETURN_TYPE = YES_ERROR;
				GCC_WARN_UNDECLARED_SELECTOR = YES;
				GCC_WARN_UNINITIALIZED_AUTOS = YES_AGGRESSIVE;
				GCC_WARN_UNUSED_FUNCTION = YES;
				GCC_WARN_UNUSED_VARIABLE = YES;
				MTL_ENABLE_DEBUG_INFO = NO;
				MTL_FAST_MATH = YES;
				SDKROOT = iphoneos;
				SWIFT_COMPILATION_MODE = wholemodule;
				SWIFT_OPTIMIZATION_LEVEL = "-O";
				VALIDATE_PRODUCT = YES;
			};
			name = Release;
		};
		A96BF6AE2670F631009BDC7B /* Debug */ = {
			isa = XCBuildConfiguration;
			buildSettings = {
				ASSETCATALOG_COMPILER_COMPLICATION_NAME = Complication;
				CODE_SIGN_STYLE = Automatic;
				CURRENT_PROJECT_VERSION = 1;
				DEVELOPMENT_ASSET_PATHS = "\"WhatsNewInWatchOS8 WatchKit Extension/Preview Content\"";
				DEVELOPMENT_TEAM = PMEDFW438U;
				ENABLE_PREVIEWS = YES;
				GENERATE_INFOPLIST_FILE = YES;
				INFOPLIST_FILE = "WhatsNewInWatchOS8 WatchKit Extension/Info.plist";
				INFOPLIST_KEY_CFBundleDisplayName = "WhatsNewInWatchOS8 WatchKit Extension";
				INFOPLIST_KEY_CLKComplicationPrincipalClass = "$(PRODUCT_MODULE_NAME).ComplicationController";
				INFOPLIST_KEY_NSHumanReadableCopyright = "";
				INFOPLIST_KEY_WKWatchOnly = YES;
				LD_RUNPATH_SEARCH_PATHS = (
					"$(inherited)",
					"@executable_path/Frameworks",
					"@executable_path/../../Frameworks",
				);
				MARKETING_VERSION = 1.0;
				PRODUCT_BUNDLE_IDENTIFIER = com.danielsaidi.wwdc21.WhatsNewInWatchOS8.watchkitapp.watchkitextension;
				PRODUCT_NAME = "${TARGET_NAME}";
				SDKROOT = watchos;
				SKIP_INSTALL = YES;
				SWIFT_EMIT_LOC_STRINGS = YES;
				SWIFT_VERSION = 5.0;
				TARGETED_DEVICE_FAMILY = 4;
				WATCHOS_DEPLOYMENT_TARGET = 8.0;
			};
			name = Debug;
		};
		A96BF6AF2670F631009BDC7B /* Release */ = {
			isa = XCBuildConfiguration;
			buildSettings = {
				ASSETCATALOG_COMPILER_COMPLICATION_NAME = Complication;
				CODE_SIGN_STYLE = Automatic;
				CURRENT_PROJECT_VERSION = 1;
				DEVELOPMENT_ASSET_PATHS = "\"WhatsNewInWatchOS8 WatchKit Extension/Preview Content\"";
				DEVELOPMENT_TEAM = PMEDFW438U;
				ENABLE_PREVIEWS = YES;
				GENERATE_INFOPLIST_FILE = YES;
				INFOPLIST_FILE = "WhatsNewInWatchOS8 WatchKit Extension/Info.plist";
				INFOPLIST_KEY_CFBundleDisplayName = "WhatsNewInWatchOS8 WatchKit Extension";
				INFOPLIST_KEY_CLKComplicationPrincipalClass = "$(PRODUCT_MODULE_NAME).ComplicationController";
				INFOPLIST_KEY_NSHumanReadableCopyright = "";
				INFOPLIST_KEY_WKWatchOnly = YES;
				LD_RUNPATH_SEARCH_PATHS = (
					"$(inherited)",
					"@executable_path/Frameworks",
					"@executable_path/../../Frameworks",
				);
				MARKETING_VERSION = 1.0;
				PRODUCT_BUNDLE_IDENTIFIER = com.danielsaidi.wwdc21.WhatsNewInWatchOS8.watchkitapp.watchkitextension;
				PRODUCT_NAME = "${TARGET_NAME}";
				SDKROOT = watchos;
				SKIP_INSTALL = YES;
				SWIFT_EMIT_LOC_STRINGS = YES;
				SWIFT_VERSION = 5.0;
				TARGETED_DEVICE_FAMILY = 4;
				WATCHOS_DEPLOYMENT_TARGET = 8.0;
			};
			name = Release;
		};
		A96BF6B22670F631009BDC7B /* Debug */ = {
			isa = XCBuildConfiguration;
			buildSettings = {
				ALWAYS_EMBED_SWIFT_STANDARD_LIBRARIES = YES;
				ASSETCATALOG_COMPILER_APPICON_NAME = AppIcon;
				ASSETCATALOG_COMPILER_GLOBAL_ACCENT_COLOR_NAME = AccentColor;
				CODE_SIGN_STYLE = Automatic;
				CURRENT_PROJECT_VERSION = 1;
				DEVELOPMENT_TEAM = PMEDFW438U;
				GENERATE_INFOPLIST_FILE = YES;
				IBSC_MODULE = WhatsNewInWatchOS8_WatchKit_Extension;
				INFOPLIST_KEY_CFBundleDisplayName = "WhatsNewInWatchOS8 WatchKit App";
				INFOPLIST_KEY_UISupportedInterfaceOrientations = "UIInterfaceOrientationPortrait UIInterfaceOrientationPortraitUpsideDown";
				MARKETING_VERSION = 1.0;
				PRODUCT_BUNDLE_IDENTIFIER = com.danielsaidi.wwdc21.WhatsNewInWatchOS8.watchkitapp;
				PRODUCT_NAME = "$(TARGET_NAME)";
				SDKROOT = watchos;
				SKIP_INSTALL = YES;
				SWIFT_EMIT_LOC_STRINGS = YES;
				SWIFT_VERSION = 5.0;
				TARGETED_DEVICE_FAMILY = 4;
				WATCHOS_DEPLOYMENT_TARGET = 8.0;
			};
			name = Debug;
		};
		A96BF6B32670F631009BDC7B /* Release */ = {
			isa = XCBuildConfiguration;
			buildSettings = {
				ALWAYS_EMBED_SWIFT_STANDARD_LIBRARIES = YES;
				ASSETCATALOG_COMPILER_APPICON_NAME = AppIcon;
				ASSETCATALOG_COMPILER_GLOBAL_ACCENT_COLOR_NAME = AccentColor;
				CODE_SIGN_STYLE = Automatic;
				CURRENT_PROJECT_VERSION = 1;
				DEVELOPMENT_TEAM = PMEDFW438U;
				GENERATE_INFOPLIST_FILE = YES;
				IBSC_MODULE = WhatsNewInWatchOS8_WatchKit_Extension;
				INFOPLIST_KEY_CFBundleDisplayName = "WhatsNewInWatchOS8 WatchKit App";
				INFOPLIST_KEY_UISupportedInterfaceOrientations = "UIInterfaceOrientationPortrait UIInterfaceOrientationPortraitUpsideDown";
				MARKETING_VERSION = 1.0;
				PRODUCT_BUNDLE_IDENTIFIER = com.danielsaidi.wwdc21.WhatsNewInWatchOS8.watchkitapp;
				PRODUCT_NAME = "$(TARGET_NAME)";
				SDKROOT = watchos;
				SKIP_INSTALL = YES;
				SWIFT_EMIT_LOC_STRINGS = YES;
				SWIFT_VERSION = 5.0;
				TARGETED_DEVICE_FAMILY = 4;
				WATCHOS_DEPLOYMENT_TARGET = 8.0;
			};
			name = Release;
		};
		A96BF6B62670F631009BDC7B /* Debug */ = {
			isa = XCBuildConfiguration;
			buildSettings = {
				CODE_SIGN_STYLE = Automatic;
				CURRENT_PROJECT_VERSION = 1;
				DEVELOPMENT_TEAM = PMEDFW438U;
				MARKETING_VERSION = 1.0;
				PRODUCT_BUNDLE_IDENTIFIER = com.danielsaidi.wwdc21.WhatsNewInWatchOS8;
				PRODUCT_NAME = "$(TARGET_NAME)";
				SWIFT_VERSION = 5.0;
			};
			name = Debug;
		};
		A96BF6B72670F631009BDC7B /* Release */ = {
			isa = XCBuildConfiguration;
			buildSettings = {
				CODE_SIGN_STYLE = Automatic;
				CURRENT_PROJECT_VERSION = 1;
				DEVELOPMENT_TEAM = PMEDFW438U;
				MARKETING_VERSION = 1.0;
				PRODUCT_BUNDLE_IDENTIFIER = com.danielsaidi.wwdc21.WhatsNewInWatchOS8;
				PRODUCT_NAME = "$(TARGET_NAME)";
				SWIFT_VERSION = 5.0;
			};
			name = Release;
		};
/* End XCBuildConfiguration section */

/* Begin XCConfigurationList section */
		A96BF6832670F62E009BDC7B /* Build configuration list for PBXProject "WhatsNewInWatchOS8" */ = {
			isa = XCConfigurationList;
			buildConfigurations = (
				A96BF6AB2670F631009BDC7B /* Debug */,
				A96BF6AC2670F631009BDC7B /* Release */,
			);
			defaultConfigurationIsVisible = 0;
			defaultConfigurationName = Release;
		};
		A96BF6AD2670F631009BDC7B /* Build configuration list for PBXNativeTarget "WhatsNewInWatchOS8 WatchKit Extension" */ = {
			isa = XCConfigurationList;
			buildConfigurations = (
				A96BF6AE2670F631009BDC7B /* Debug */,
				A96BF6AF2670F631009BDC7B /* Release */,
			);
			defaultConfigurationIsVisible = 0;
			defaultConfigurationName = Release;
		};
		A96BF6B12670F631009BDC7B /* Build configuration list for PBXNativeTarget "WhatsNewInWatchOS8 WatchKit App" */ = {
			isa = XCConfigurationList;
			buildConfigurations = (
				A96BF6B22670F631009BDC7B /* Debug */,
				A96BF6B32670F631009BDC7B /* Release */,
			);
			defaultConfigurationIsVisible = 0;
			defaultConfigurationName = Release;
		};
		A96BF6B52670F631009BDC7B /* Build configuration list for PBXNativeTarget "WhatsNewInWatchOS8" */ = {
			isa = XCConfigurationList;
			buildConfigurations = (
				A96BF6B62670F631009BDC7B /* Debug */,
				A96BF6B72670F631009BDC7B /* Release */,
			);
			defaultConfigurationIsVisible = 0;
			defaultConfigurationName = Release;
		};
/* End XCConfigurationList section */
	};
	rootObject = A96BF6802670F62E009BDC7B /* Project object */;
}
